
Microsoft Visual Studio Solution File, Format Version 12.00
# Visual Studio Version 16
VisualStudioVersion = 16.0.32510.428
MinimumVisualStudioVersion = 10.0.40219.1
Project("{FAE04EC0-301F-11D3-BF4B-00C04F79EFBC}") = "MediaBalansApiProject", "MediaBalansApiProject\MediaBalansApiProject.csproj", "{D6FEB451-3875-4677-8014-BAEE0E63A9C0}"
EndProject
Project("{FAE04EC0-301F-11D3-BF4B-00C04F79EFBC}") = "MediaBalanceCMS", "MediaBalanceCMS\MediaBalanceCMS.csproj", "{05425132-1314-41B8-9450-52E2DDDC674D}"
EndProject
Global
	GlobalSection(SolutionConfigurationPlatforms) = preSolution
		Debug|Any CPU = Debug|Any CPU
		Release|Any CPU = Release|Any CPU
	EndGlobalSection
	GlobalSection(ProjectConfigurationPlatforms) = postSolution
		{D6FEB451-3875-4677-8014-BAEE0E63A9C0}.Debug|Any CPU.ActiveCfg = Debug|Any CPU
		{D6FEB451-3875-4677-8014-BAEE0E63A9C0}.Debug|Any CPU.Build.0 = Debug|Any CPU
		{D6FEB451-3875-4677-8014-BAEE0E63A9C0}.Release|Any CPU.ActiveCfg = Release|Any CPU
		{D6FEB451-3875-4677-8014-BAEE0E63A9C0}.Release|Any CPU.Build.0 = Release|Any CPU
		{05425132-1314-41B8-9450-52E2DDDC674D}.Debug|Any CPU.ActiveCfg = Debug|Any CPU
		{05425132-1314-41B8-9450-52E2DDDC674D}.Debug|Any CPU.Build.0 = Debug|Any CPU
		{05425132-1314-41B8-9450-52E2DDDC674D}.Release|Any CPU.ActiveCfg = Release|Any CPU
		{05425132-1314-41B8-9450-52E2DDDC674D}.Release|Any CPU.Build.0 = Release|Any CPU
	EndGlobalSection
	GlobalSection(SolutionProperties) = preSolution
		HideSolutionNode = FALSE
	EndGlobalSection
	GlobalSection(ExtensibilityGlobals) = postSolution
		SolutionGuid = {60DF8DDC-8488-4B6D-851E-186DDA7473F6}
	EndGlobalSection
EndGlobal
